
Microsoft Visual Studio Solution File, Format Version 12.00
# Visual Studio Version 16
VisualStudioVersion = 16.0.31729.503
MinimumVisualStudioVersion = 10.0.40219.1
Project("{8BC9CEB8-8B4A-11D0-8D11-00A0C91BC942}") = "excel_override_poc", "excel_override_poc\excel_override_poc.vcxproj", "{668AB0E7-9554-422F-9488-954908B7C75F}"
EndProject
Global
	GlobalSection(SolutionConfigurationPlatforms) = preSolution
		Debug|x64 = Debug|x64
		Debug|x86 = Debug|x86
		Release|x64 = Release|x64
		Release|x86 = Release|x86
	EndGlobalSection
	GlobalSection(ProjectConfigurationPlatforms) = postSolution
		{668AB0E7-9554-422F-9488-954908B7C75F}.Debug|x64.ActiveCfg = Debug|x64
		{668AB0E7-9554-422F-9488-954908B7C75F}.Debug|x64.Build.0 = Debug|x64
		{668AB0E7-9554-422F-9488-954908B7C75F}.Debug|x86.ActiveCfg = Debug|Win32
		{668AB0E7-9554-422F-9488-954908B7C75F}.Debug|x86.Build.0 = Debug|Win32
		{668AB0E7-9554-422F-9488-954908B7C75F}.Release|x64.ActiveCfg = Release|x64
		{668AB0E7-9554-422F-9488-954908B7C75F}.Release|x64.Build.0 = Release|x64
		{668AB0E7-9554-422F-9488-954908B7C75F}.Release|x86.ActiveCfg = Release|Win32
		{668AB0E7-9554-422F-9488-954908B7C75F}.Release|x86.Build.0 = Release|Win32
	EndGlobalSection
	GlobalSection(SolutionProperties) = preSolution
		HideSolutionNode = FALSE
	EndGlobalSection
	GlobalSection(ExtensibilityGlobals) = postSolution
		SolutionGuid = {699B0B6F-B627-4E49-ADB7-4B8C0F3DF787}
	EndGlobalSection
EndGlobal
