<?xml version="1.0" encoding="utf-8"?>
<Project ToolsVersion="4.0" xmlns="http://schemas.microsoft.com/developer/msbuild/2003">
  <ItemGroup>
    <Filter Include="Source Files">
      <UniqueIdentifier>{4FC737F1-C7A5-4376-A066-2A32D752A2FF}</UniqueIdentifier>
      <Extensions>cpp;c;cc;cxx;c++;cppm;ixx;def;odl;idl;hpj;bat;asm;asmx</Extensions>
    </Filter>
    <Filter Include="Header Files">
      <UniqueIdentifier>{93995380-89BD-4b04-88EB-625FBE52EBFB}</UniqueIdentifier>
      <Extensions>h;hh;hpp;hxx;h++;hm;inl;inc;ipp;xsd</Extensions>
    </Filter>
    <Filter Include="Resource Files">
      <UniqueIdentifier>{67DA6AB6-F800-4c08-8B7A-83BB121AAD01}</UniqueIdentifier>
      <Extensions>rc;ico;cur;bmp;dlg;rc2;rct;bin;rgs;gif;jpg;jpeg;jpe;resx;tiff;tif;png;wav;mfcribbon-ms</Extensions>
    </Filter>
    <Filter Include="Resource Files\Images">
      <UniqueIdentifier>{cb1fd8d4-36cf-405c-b9fd-8f2931461831}</UniqueIdentifier>
    </Filter>
    <Filter Include="Resource Files\Audio">
      <UniqueIdentifier>{2b837f8c-e04e-460b-a87c-3bf438fe3724}</UniqueIdentifier>
    </Filter>
  </ItemGroup>
  <ItemGroup>
    <ClInclude Include="Resource.h">
      <Filter>Header Files</Filter>
    </ClInclude>
    <ClInclude Include="Draw.h">
      <Filter>Header Files</Filter>
    </ClInclude>
    <ClInclude Include="VeganProgress.h">
      <Filter>Header Files</Filter>
    </ClInclude>
    <ClInclude Include="Action.h">
      <Filter>Header Files</Filter>
    </ClInclude>
    <ClInclude Include="MessageAction.h">
      <Filter>Header Files</Filter>
    </ClInclude>
    <ClInclude Include="AudioManager.h">
      <Filter>Header Files</Filter>
    </ClInclude>
    <ClInclude Include="SoundAction.h">
      <Filter>Header Files</Filter>
    </ClInclude>
    <ClInclude Include="SystemAction.h">
      <Filter>Header Files</Filter>
    </ClInclude>
    <ClInclude Include="targetver.h">
      <Filter>Header Files</Filter>
    </ClInclude>
    <ClInclude Include="CaptureAction.h">
      <Filter>Header Files</Filter>
    </ClInclude>
    <ClInclude Include="ImageAction.h">
      <Filter>Header Files</Filter>
    </ClInclude>
    <ClInclude Include="targetver.h">
      <Filter>Header Files</Filter>
    </ClInclude>
    <ClInclude Include="MouseManager.h">
      <Filter>Header Files</Filter>
    </ClInclude>
    <ClInclude Include="FruitThrowAction.h">
      <Filter>Header Files</Filter>
    </ClInclude>
    <ClInclude Include="FruitThrow.h">
      <Filter>Header Files</Filter>
    </ClInclude>
    <ClInclude Include="Animation.h">
      <Filter>Header Files</Filter>
    </ClInclude>
    <ClInclude Include="DesktopManager.h">
      <Filter>Header Files</Filter>
    </ClInclude>
    <ClInclude Include="DesktopAction.h">
      <Filter>Header Files</Filter>
    </ClInclude>
    <ClInclude Include="ClipBoardAction.h">
      <Filter>Header Files</Filter>
    </ClInclude>
    <ClInclude Include="KeyboardAction.h">
      <Filter>Header Files</Filter>
    </ClInclude>
    <ClInclude Include="ExcelAction.h">
      <Filter>Header Files</Filter>
    </ClInclude>
    <ClInclude Include="PopUpAdsAction.h">
      <Filter>Header Files</Filter>
    </ClInclude>
  </ItemGroup>
  <ItemGroup>
    <ClCompile Include="VeganVirus.cpp">
      <Filter>Source Files</Filter>
    </ClCompile>
    <ClCompile Include="Draw.cpp">
      <Filter>Source Files</Filter>
    </ClCompile>
    <ClCompile Include="VeganProgress.cpp">
      <Filter>Source Files</Filter>
    </ClCompile>
    <ClCompile Include="Action.cpp">
      <Filter>Source Files</Filter>
    </ClCompile>
    <ClCompile Include="MessageAction.cpp">
      <Filter>Source Files</Filter>
    </ClCompile>
    <ClCompile Include="AudioManager.cpp">
      <Filter>Source Files</Filter>
    </ClCompile>
    <ClCompile Include="SoundAction.cpp">
      <Filter>Source Files</Filter>
    </ClCompile>
    <ClCompile Include="SystemAction.cpp">
      <Filter>Source Files</Filter>
    </ClCompile>
    <ClCompile Include="CaptureAction.cpp">
      <Filter>Source Files</Filter>
    </ClCompile>
    <ClCompile Include="ImageAction.cpp">
      <Filter>Source Files</Filter>
    </ClCompile>
    <ClCompile Include="MouseManager.cpp">
      <Filter>Source Files</Filter>
    </ClCompile>
    <ClCompile Include="FruitThrowAction.cpp">
      <Filter>Source Files</Filter>
    </ClCompile>
    <ClCompile Include="FruitThrow.cpp">
      <Filter>Source Files</Filter>
    </ClCompile>
    <ClCompile Include="Animation.cpp">
      <Filter>Source Files</Filter>
    </ClCompile>
    <ClCompile Include="DesktopManager.cpp">
      <Filter>Source Files</Filter>
    </ClCompile>
    <ClCompile Include="DesktopAction.cpp">
      <Filter>Source Files</Filter>
    </ClCompile>
    <ClCompile Include="ClipBoardAction.cpp">
      <Filter>Source Files</Filter>
    </ClCompile>
    <ClCompile Include="KeyboardAction.cpp">
      <Filter>Source Files</Filter>
    </ClCompile>
    <ClCompile Include="ExcelAction.cpp">
      <Filter>Source Files</Filter>
    </ClCompile>
    <ClCompile Include="PopUpAdsAction.cpp">
      <Filter>Source Files</Filter>
    </ClCompile>
  </ItemGroup>
  <ItemGroup>
    <ResourceCompile Include="VeganVirus.rc">
      <Filter>Resource Files</Filter>
    </ResourceCompile>
  </ItemGroup>
  <ItemGroup>
    <Image Include="Images\ad0.bmp">
      <Filter>Resource Files\Images</Filter>
    </Image>
    <Image Include="Images\ad1.bmp">
      <Filter>Resource Files\Images</Filter>
    </Image>
    <Image Include="Images\ad2.bmp">
      <Filter>Resource Files\Images</Filter>
    </Image>
    <Image Include="Images\ad3.bmp">
      <Filter>Resource Files\Images</Filter>
    </Image>
    <Image Include="Images\ad4.bmp">
      <Filter>Resource Files\Images</Filter>
    </Image>
    <Image Include="Images\ad5.bmp">
      <Filter>Resource Files\Images</Filter>
    </Image>
    <Image Include="Images\capture.ico">
      <Filter>Resource Files\Images</Filter>
    </Image>
    <Image Include="Images\clip_board.ico">
      <Filter>Resource Files\Images</Filter>
    </Image>
    <Image Include="Images\clipBoard.ico">
      <Filter>Resource Files\Images</Filter>
    </Image>
    <Image Include="Images\desktopAction.ico">
      <Filter>Resource Files\Images</Filter>
    </Image>
    <Image Include="Images\fruit0.png">
      <Filter>Resource Files\Images</Filter>
    </Image>
    <Image Include="Images\fruit1.png">
      <Filter>Resource Files\Images</Filter>
    </Image>
    <Image Include="Images\fruit2.png">
      <Filter>Resource Files\Images</Filter>
    </Image>
    <Image Include="Images\fruit3.png">
      <Filter>Resource Files\Images</Filter>
    </Image>
    <Image Include="Images\fruit4.png">
      <Filter>Resource Files\Images</Filter>
    </Image>
    <Image Include="Images\fruit5.png">
      <Filter>Resource Files\Images</Filter>
    </Image>
    <Image Include="Images\fruit6.png">
      <Filter>Resource Files\Images</Filter>
    </Image>
    <Image Include="Images\fruit7.png">
      <Filter>Resource Files\Images</Filter>
    </Image>
    <Image Include="Images\fruit8.png">
      <Filter>Resource Files\Images</Filter>
    </Image>
    <Image Include="Images\fruitThrow.png">
      <Filter>Resource Files\Images</Filter>
    </Image>
    <Image Include="Images\image0.png">
      <Filter>Resource Files\Images</Filter>
    </Image>
    <Image Include="Images\image1.png">
      <Filter>Resource Files\Images</Filter>
    </Image>
    <Image Include="Images\image2.png">
      <Filter>Resource Files\Images</Filter>
    </Image>
    <Image Include="Images\image3.png">
      <Filter>Resource Files\Images</Filter>
    </Image>
    <Image Include="Images\image4.png">
      <Filter>Resource Files\Images</Filter>
    </Image>
    <Image Include="Images\image5.png">
      <Filter>Resource Files\Images</Filter>
    </Image>
    <Image Include="Images\image6.png">
      <Filter>Resource Files\Images</Filter>
    </Image>
    <Image Include="Images\image7.png">
      <Filter>Resource Files\Images</Filter>
    </Image>
    <Image Include="Images\image8.png">
      <Filter>Resource Files\Images</Filter>
    </Image>
    <Image Include="Images\image9.png">
      <Filter>Resource Files\Images</Filter>
    </Image>
    <Image Include="Images\image10.png">
      <Filter>Resource Files\Images</Filter>
    </Image>
    <Image Include="Images\image11.png">
      <Filter>Resource Files\Images</Filter>
    </Image>
    <Image Include="Images\image12.png">
      <Filter>Resource Files\Images</Filter>
    </Image>
    <Image Include="Images\image14.png">
      <Filter>Resource Files\Images</Filter>
    </Image>
    <Image Include="Images\image15.png">
      <Filter>Resource Files\Images</Filter>
    </Image>
    <Image Include="Images\image16.png">
      <Filter>Resource Files\Images</Filter>
    </Image>
    <Image Include="Images\meat.ico">
      <Filter>Resource Files\Images</Filter>
    </Image>
    <Image Include="Images\message.ico">
      <Filter>Resource Files\Images</Filter>
    </Image>
    <Image Include="Images\music.ico">
      <Filter>Resource Files\Images</Filter>
    </Image>
    <Image Include="Images\pop_up.ico">
      <Filter>Resource Files\Images</Filter>
    </Image>
    <Image Include="Images\speechBubble.png">
      <Filter>Resource Files\Images</Filter>
    </Image>
    <Image Include="Images\virusIcon1.ico">
      <Filter>Resource Files</Filter>
    </Image>
    <Image Include="Images\virusIcon.ico">
      <Filter>Resource Files</Filter>
    </Image>
  </ItemGroup>
  <ItemGroup>
    <Media Include="Audio\hit.wav">
      <Filter>Resource Files\Audio</Filter>
    </Media>
    <Media Include="Audio\song0.wav">
      <Filter>Resource Files\Audio</Filter>
    </Media>
    <Media Include="Audio\song1.wav">
      <Filter>Resource Files\Audio</Filter>
    </Media>
    <Media Include="Audio\song2.wav">
      <Filter>Resource Files\Audio</Filter>
    </Media>
    <Media Include="Audio\song3.wav">
      <Filter>Resource Files\Audio</Filter>
    </Media>
    <Media Include="Audio\song4.wav">
      <Filter>Resource Files\Audio</Filter>
    </Media>
    <Media Include="Audio\song5.wav">
      <Filter>Resource Files\Audio</Filter>
    </Media>
  </ItemGroup>
</Project>