<?xml version="1.0" encoding="utf-8"?>
<Project ToolsVersion="4.0" xmlns="http://schemas.microsoft.com/developer/msbuild/2003">
  <ItemGroup>
    <Filter Include="Source Files">
      <UniqueIdentifier>{4FC737F1-C7A5-4376-A066-2A32D752A2FF}</UniqueIdentifier>
      <Extensions>cpp;c;cc;cxx;c++;cppm;ixx;def;odl;idl;hpj;bat;asm;asmx</Extensions>
    </Filter>
    <Filter Include="Header Files">
      <UniqueIdentifier>{93995380-89BD-4b04-88EB-625FBE52EBFB}</UniqueIdentifier>
      <Extensions>h;hh;hpp;hxx;h++;hm;inl;inc;ipp;xsd</Extensions>
    </Filter>
    <Filter Include="Resource Files">
      <UniqueIdentifier>{67DA6AB6-F800-4c08-8B7A-83BB121AAD01}</UniqueIdentifier>
      <Extensions>rc;ico;cur;bmp;dlg;rc2;rct;bin;rgs;gif;jpg;jpeg;jpe;resx;tiff;tif;png;wav;mfcribbon-ms</Extensions>
    </Filter>
    <Filter Include="Resource Files\Images">
      <UniqueIdentifier>{4a6d18e0-7dd5-4db8-81d5-dd70733e926e}</UniqueIdentifier>
    </Filter>
    <Filter Include="Resource Files\Images\mouseDisabledAnimation">
      <UniqueIdentifier>{801f735b-790e-4932-acfb-20740ca337ee}</UniqueIdentifier>
    </Filter>
    <Filter Include="Resource Files\Images\FruitsToThrow">
      <UniqueIdentifier>{c6846c78-6663-427e-a610-e6a38f1e6a1b}</UniqueIdentifier>
    </Filter>
    <Filter Include="Resource Files\popUp">
      <UniqueIdentifier>{1aa7acb6-eb93-43ab-8f99-19c2b4696da7}</UniqueIdentifier>
    </Filter>
    <Filter Include="Resource Files\music">
      <UniqueIdentifier>{30ad4e6f-898c-4417-94c6-9edefe6a43fb}</UniqueIdentifier>
    </Filter>
  </ItemGroup>
  <ItemGroup>
    <ClInclude Include="Resource.h">
      <Filter>Header Files</Filter>
    </ClInclude>
    <ClInclude Include="Draw.h">
      <Filter>Header Files</Filter>
    </ClInclude>
    <ClInclude Include="VeganProgress.h">
      <Filter>Header Files</Filter>
    </ClInclude>
    <ClInclude Include="Action.h">
      <Filter>Header Files</Filter>
    </ClInclude>
    <ClInclude Include="MessageAction.h">
      <Filter>Header Files</Filter>
    </ClInclude>
    <ClInclude Include="AudioManager.h">
      <Filter>Header Files</Filter>
    </ClInclude>
    <ClInclude Include="SoundAction.h">
      <Filter>Header Files</Filter>
    </ClInclude>
    <ClInclude Include="SystemAction.h">
      <Filter>Header Files</Filter>
    </ClInclude>
    <ClInclude Include="targetver.h">
      <Filter>Header Files</Filter>
    </ClInclude>
    <ClInclude Include="CaptureAction.h">
      <Filter>Header Files</Filter>
    </ClInclude>
    <ClInclude Include="ImageAction.h">
      <Filter>Header Files</Filter>
    </ClInclude>
    <ClInclude Include="targetver.h">
      <Filter>Header Files</Filter>
    </ClInclude>
    <ClInclude Include="MouseManager.h">
      <Filter>Header Files</Filter>
    </ClInclude>
    <ClInclude Include="FruitThrowAction.h">
      <Filter>Header Files</Filter>
    </ClInclude>
    <ClInclude Include="FruitThrow.h">
      <Filter>Header Files</Filter>
    </ClInclude>
    <ClInclude Include="Animation.h">
      <Filter>Header Files</Filter>
    </ClInclude>
    <ClInclude Include="DesktopManager.h">
      <Filter>Header Files</Filter>
    </ClInclude>
    <ClInclude Include="DesktopAction.h">
      <Filter>Header Files</Filter>
    </ClInclude>
    <ClInclude Include="KeyboardAction.h">
    <ClInclude Include="ExcelAction.h">
      <Filter>Header Files</Filter>
    </ClInclude>
  </ItemGroup>
  <ItemGroup>
    <ClCompile Include="VeganVirus.cpp">
      <Filter>Source Files</Filter>
    </ClCompile>
    <ClCompile Include="Draw.cpp">
      <Filter>Source Files</Filter>
    </ClCompile>
    <ClCompile Include="VeganProgress.cpp">
      <Filter>Source Files</Filter>
    </ClCompile>
    <ClCompile Include="Action.cpp">
      <Filter>Source Files</Filter>
    </ClCompile>
    <ClCompile Include="MessageAction.cpp">
      <Filter>Source Files</Filter>
    </ClCompile>
    <ClCompile Include="AudioManager.cpp">
      <Filter>Source Files</Filter>
    </ClCompile>
    <ClCompile Include="SoundAction.cpp">
      <Filter>Source Files</Filter>
    </ClCompile>
    <ClCompile Include="SystemAction.cpp">
      <Filter>Source Files</Filter>
    </ClCompile>
    <ClCompile Include="CaptureAction.cpp">
      <Filter>Source Files</Filter>
    </ClCompile>
    <ClCompile Include="ImageAction.cpp">
      <Filter>Source Files</Filter>
    </ClCompile>
    <ClCompile Include="MouseManager.cpp">
      <Filter>Source Files</Filter>
    </ClCompile>
    <ClCompile Include="FruitThrowAction.cpp">
      <Filter>Source Files</Filter>
    </ClCompile>
    <ClCompile Include="FruitThrow.cpp">
      <Filter>Source Files</Filter>
    </ClCompile>
    <ClCompile Include="Animation.cpp">
      <Filter>Source Files</Filter>
    </ClCompile>
    <ClCompile Include="DesktopManager.cpp">
      <Filter>Source Files</Filter>
    </ClCompile>
    <ClCompile Include="DesktopAction.cpp">
      <Filter>Source Files</Filter>
    </ClCompile>
    <ClCompile Include="KeyboardAction.cpp">
    <ClCompile Include="ExcelAction.cpp">
      <Filter>Source Files</Filter>
    </ClCompile>
  </ItemGroup>
  <ItemGroup>
    <ResourceCompile Include="VeganVirus.rc">
      <Filter>Resource Files</Filter>
    </ResourceCompile>
  </ItemGroup>
  <ItemGroup>
    <Image Include="small.ico">
      <Filter>Resource Files</Filter>
    </Image>
    <Image Include="VeganVirus.ico">
      <Filter>Resource Files</Filter>
    </Image>
    <Image Include="meat.ico">
      <Filter>Resource Files\Images</Filter>
    </Image>
    <Image Include="message.ico">
      <Filter>Resource Files\Images</Filter>
    </Image>
    <Image Include="vegetables.png">
      <Filter>Resource Files\Images</Filter>
    </Image>
    <Image Include="stars0.gif">
      <Filter>Resource Files\Images\mouseDisabledAnimation</Filter>
    </Image>
    <Image Include="stars1.gif">
      <Filter>Resource Files\Images\mouseDisabledAnimation</Filter>
    </Image>
    <Image Include="stars2.gif">
      <Filter>Resource Files\Images\mouseDisabledAnimation</Filter>
    </Image>
    <Image Include="stars3.gif">
      <Filter>Resource Files\Images\mouseDisabledAnimation</Filter>
    </Image>
    <Image Include="stars4.gif">
      <Filter>Resource Files\Images\mouseDisabledAnimation</Filter>
    </Image>
    <Image Include="stars5.gif">
      <Filter>Resource Files\Images\mouseDisabledAnimation</Filter>
    </Image>
    <Image Include="stars6.gif">
      <Filter>Resource Files\Images\mouseDisabledAnimation</Filter>
    </Image>
    <Image Include="stars7.gif">
      <Filter>Resource Files\Images\mouseDisabledAnimation</Filter>
    </Image>
    <Image Include="stars8.gif">
      <Filter>Resource Files\Images\mouseDisabledAnimation</Filter>
    </Image>
    <Image Include="fruit0.png">
      <Filter>Resource Files\Images\FruitsToThrow</Filter>
    </Image>
    <Image Include="fruit1.png">
      <Filter>Resource Files\Images\FruitsToThrow</Filter>
    </Image>
    <Image Include="fruit2.png">
      <Filter>Resource Files\Images\FruitsToThrow</Filter>
    </Image>
    <Image Include="fruit3.png">
      <Filter>Resource Files\Images\FruitsToThrow</Filter>
    </Image>
    <Image Include="fruit4.png">
      <Filter>Resource Files\Images\FruitsToThrow</Filter>
    </Image>
    <Image Include="fruit5.png">
      <Filter>Resource Files\Images\FruitsToThrow</Filter>
    </Image>
    <Image Include="fruit6.png">
      <Filter>Resource Files\Images\FruitsToThrow</Filter>
    </Image>
    <Image Include="fruit7.png">
      <Filter>Resource Files\Images\FruitsToThrow</Filter>
    </Image>
    <Image Include="fruit8.png">
      <Filter>Resource Files\Images\FruitsToThrow</Filter>
    </Image>
    <Image Include="fruitThrow.png">
      <Filter>Resource Files\Images</Filter>
    </Image>
    <Image Include="popUp\image0.png">
      <Filter>Resource Files\popUp</Filter>
    </Image>
    <Image Include="popUp\image1.png">
      <Filter>Resource Files\popUp</Filter>
    </Image>
    <Image Include="popUp\image2.png">
      <Filter>Resource Files\popUp</Filter>
    </Image>
    <Image Include="popUp\image3.png">
      <Filter>Resource Files\popUp</Filter>
    </Image>
    <Image Include="popUp\image4.png">
      <Filter>Resource Files\popUp</Filter>
    </Image>
    <Image Include="popUp\image5.png">
      <Filter>Resource Files\popUp</Filter>
    </Image>
    <Image Include="popUp\image6.png">
      <Filter>Resource Files\popUp</Filter>
    </Image>
    <Image Include="popUp\image7.png">
      <Filter>Resource Files\popUp</Filter>
    </Image>
    <Image Include="popUp\image8.png">
      <Filter>Resource Files\popUp</Filter>
    </Image>
    <Image Include="popUp\image9.png">
      <Filter>Resource Files\popUp</Filter>
    </Image>
    <Image Include="popUp\image10.png">
      <Filter>Resource Files\popUp</Filter>
    </Image>
    <Image Include="popUp\image11.png">
      <Filter>Resource Files\popUp</Filter>
    </Image>
    <Image Include="popUp\image12.png">
      <Filter>Resource Files\popUp</Filter>
    </Image>
    <Image Include="popUp\image14.png">
      <Filter>Resource Files\popUp</Filter>
    </Image>
    <Image Include="popUp\image15.png">
      <Filter>Resource Files\popUp</Filter>
    </Image>
    <Image Include="popUp\image16.png">
      <Filter>Resource Files\popUp</Filter>
    </Image>
    <Image Include="speechBubble.png">
      <Filter>Resource Files\Images</Filter>
    </Image>
    <Image Include="desktopAction.ico">
      <Filter>Resource Files\Images</Filter>
    </Image>
  </ItemGroup>
  <ItemGroup>
    <Media Include="hit.wav">
      <Filter>Resource Files</Filter>
    </Media>
    <Media Include="music\song0.wav">
      <Filter>Resource Files\music</Filter>
    </Media>
    <Media Include="music\song1.wav">
      <Filter>Resource Files\music</Filter>
    </Media>
    <Media Include="music\song2.wav">
      <Filter>Resource Files\music</Filter>
    </Media>
    <Media Include="music\song3.wav">
      <Filter>Resource Files\music</Filter>
    </Media>
    <Media Include="music\song4.wav">
      <Filter>Resource Files\music</Filter>
    </Media>
    <Media Include="music\song5.wav">
      <Filter>Resource Files\music</Filter>
    </Media>
  </ItemGroup>
</Project>