
Microsoft Visual Studio Solution File, Format Version 12.00
# Visual Studio Version 16
VisualStudioVersion = 16.0.30523.141
MinimumVisualStudioVersion = 10.0.40219.1
Project("{8BC9CEB8-8B4A-11D0-8D11-00A0C91BC942}") = "TestEXE", "TextEXE\TextEXE.vcxproj", "{19D67DDB-60B2-4A5B-949B-3C72081079F5}"
EndProject
Project("{8BC9CEB8-8B4A-11D0-8D11-00A0C91BC942}") = "Embed", "Embed\Embed.vcxproj", "{EB1A8E3E-F3C3-4073-A4CE-44A9D92531F5}"
EndProject
Global
	GlobalSection(SolutionConfigurationPlatforms) = preSolution
		Debug|x64 = Debug|x64
		Debug|x86 = Debug|x86
		Release|x64 = Release|x64
		Release|x86 = Release|x86
	EndGlobalSection
	GlobalSection(ProjectConfigurationPlatforms) = postSolution
		{19D67DDB-60B2-4A5B-949B-3C72081079F5}.Debug|x64.ActiveCfg = Debug|x64
		{19D67DDB-60B2-4A5B-949B-3C72081079F5}.Debug|x64.Build.0 = Debug|x64
		{19D67DDB-60B2-4A5B-949B-3C72081079F5}.Debug|x86.ActiveCfg = Debug|Win32
		{19D67DDB-60B2-4A5B-949B-3C72081079F5}.Debug|x86.Build.0 = Debug|Win32
		{19D67DDB-60B2-4A5B-949B-3C72081079F5}.Release|x64.ActiveCfg = Release|x64
		{19D67DDB-60B2-4A5B-949B-3C72081079F5}.Release|x64.Build.0 = Release|x64
		{19D67DDB-60B2-4A5B-949B-3C72081079F5}.Release|x86.ActiveCfg = Release|Win32
		{19D67DDB-60B2-4A5B-949B-3C72081079F5}.Release|x86.Build.0 = Release|Win32
		{EB1A8E3E-F3C3-4073-A4CE-44A9D92531F5}.Debug|x64.ActiveCfg = Debug|x64
		{EB1A8E3E-F3C3-4073-A4CE-44A9D92531F5}.Debug|x64.Build.0 = Debug|x64
		{EB1A8E3E-F3C3-4073-A4CE-44A9D92531F5}.Debug|x86.ActiveCfg = Debug|Win32
		{EB1A8E3E-F3C3-4073-A4CE-44A9D92531F5}.Debug|x86.Build.0 = Debug|Win32
		{EB1A8E3E-F3C3-4073-A4CE-44A9D92531F5}.Release|x64.ActiveCfg = Release|x64
		{EB1A8E3E-F3C3-4073-A4CE-44A9D92531F5}.Release|x64.Build.0 = Release|x64
		{EB1A8E3E-F3C3-4073-A4CE-44A9D92531F5}.Release|x86.ActiveCfg = Release|Win32
		{EB1A8E3E-F3C3-4073-A4CE-44A9D92531F5}.Release|x86.Build.0 = Release|Win32
	EndGlobalSection
	GlobalSection(SolutionProperties) = preSolution
		HideSolutionNode = FALSE
	EndGlobalSection
	GlobalSection(ExtensibilityGlobals) = postSolution
		SolutionGuid = {A3486D59-040C-41BC-A86F-56B2C17E2F14}
	EndGlobalSection
EndGlobal
